
Microsoft Visual Studio Solution File, Format Version 12.00
# Visual Studio Version 16
VisualStudioVersion = 16.0.29209.62
MinimumVisualStudioVersion = 10.0.40219.1
Project("{8BC9CEB8-8B4A-11D0-8D11-00A0C91BC942}") = "MouseSensChanger", "MouseSensChanger.vcxproj", "{33D15C88-B11E-49F9-BA1B-A88C6347F741}"
EndProject
Global
	GlobalSection(SolutionConfigurationPlatforms) = preSolution
		Debug|x64 = Debug|x64
		Debug|x86 = Debug|x86
		Release|x64 = Release|x64
		Release|x86 = Release|x86
	EndGlobalSection
	GlobalSection(ProjectConfigurationPlatforms) = postSolution
		{33D15C88-B11E-49F9-BA1B-A88C6347F741}.Debug|x64.ActiveCfg = Debug|x64
		{33D15C88-B11E-49F9-BA1B-A88C6347F741}.Debug|x64.Build.0 = Debug|x64
		{33D15C88-B11E-49F9-BA1B-A88C6347F741}.Debug|x86.ActiveCfg = Debug|Win32
		{33D15C88-B11E-49F9-BA1B-A88C6347F741}.Debug|x86.Build.0 = Debug|Win32
		{33D15C88-B11E-49F9-BA1B-A88C6347F741}.Release|x64.ActiveCfg = Release|x64
		{33D15C88-B11E-49F9-BA1B-A88C6347F741}.Release|x64.Build.0 = Release|x64
		{33D15C88-B11E-49F9-BA1B-A88C6347F741}.Release|x86.ActiveCfg = Release|Win32
		{33D15C88-B11E-49F9-BA1B-A88C6347F741}.Release|x86.Build.0 = Release|Win32
	EndGlobalSection
	GlobalSection(SolutionProperties) = preSolution
		HideSolutionNode = FALSE
	EndGlobalSection
	GlobalSection(ExtensibilityGlobals) = postSolution
		SolutionGuid = {311DA28E-7F92-4BA4-8C76-9C367F487363}
	EndGlobalSection
EndGlobal
